
Microsoft Visual Studio Solution File, Format Version 12.00
# Visual Studio Version 16
VisualStudioVersion = 16.0.29509.3
MinimumVisualStudioVersion = 10.0.40219.1
Project("{FAE04EC0-301F-11D3-BF4B-00C04F79EFBC}") = "WPF_STYLE", "WPF_STYLE\WPF_STYLE.csproj", "{192D1918-9CB7-4A23-AB44-13EA7B216FBB}"
EndProject
Global
	GlobalSection(SolutionConfigurationPlatforms) = preSolution
		Debug|Any CPU = Debug|Any CPU
		Release|Any CPU = Release|Any CPU
	EndGlobalSection
	GlobalSection(ProjectConfigurationPlatforms) = postSolution
		{192D1918-9CB7-4A23-AB44-13EA7B216FBB}.Debug|Any CPU.ActiveCfg = Debug|Any CPU
		{192D1918-9CB7-4A23-AB44-13EA7B216FBB}.Debug|Any CPU.Build.0 = Debug|Any CPU
		{192D1918-9CB7-4A23-AB44-13EA7B216FBB}.Release|Any CPU.ActiveCfg = Release|Any CPU
		{192D1918-9CB7-4A23-AB44-13EA7B216FBB}.Release|Any CPU.Build.0 = Release|Any CPU
	EndGlobalSection
	GlobalSection(SolutionProperties) = preSolution
		HideSolutionNode = FALSE
	EndGlobalSection
	GlobalSection(ExtensibilityGlobals) = postSolution
		SolutionGuid = {CCD2E250-E194-4A6F-85C0-675BA2279DD8}
	EndGlobalSection
EndGlobal
